
Microsoft Visual Studio Solution File, Format Version 12.00
# Visual Studio 2013
VisualStudioVersion = 12.0.21005.1
MinimumVisualStudioVersion = 10.0.40219.1
Project("{FAE04EC0-301F-11D3-BF4B-00C04F79EFBC}") = "Cells", "Cells\Cells.csproj", "{BE44AA23-0754-4313-883B-7C226F3B75C4}"
EndProject
Project("{FAE04EC0-301F-11D3-BF4B-00C04F79EFBC}") = "DNACoder", "DNACoder\DNACoder.csproj", "{EC41F72A-927A-4292-8FB9-0BC2A0A23463}"
EndProject
Project("{FAE04EC0-301F-11D3-BF4B-00C04F79EFBC}") = "GenomeIDE", "GenomeIDE\GenomeIDE.csproj", "{37597707-2E4C-4546-B787-E6F10B3F3B63}"
EndProject
Global
	GlobalSection(SolutionConfigurationPlatforms) = preSolution
		Debug|Any CPU = Debug|Any CPU
		Debug|Mixed Platforms = Debug|Mixed Platforms
		Debug|x86 = Debug|x86
		Release|Any CPU = Release|Any CPU
		Release|Mixed Platforms = Release|Mixed Platforms
		Release|x86 = Release|x86
	EndGlobalSection
	GlobalSection(ProjectConfigurationPlatforms) = postSolution
		{BE44AA23-0754-4313-883B-7C226F3B75C4}.Debug|Any CPU.ActiveCfg = Debug|x86
		{BE44AA23-0754-4313-883B-7C226F3B75C4}.Debug|Mixed Platforms.ActiveCfg = Debug|x86
		{BE44AA23-0754-4313-883B-7C226F3B75C4}.Debug|Mixed Platforms.Build.0 = Debug|x86
		{BE44AA23-0754-4313-883B-7C226F3B75C4}.Debug|x86.ActiveCfg = Debug|x86
		{BE44AA23-0754-4313-883B-7C226F3B75C4}.Debug|x86.Build.0 = Debug|x86
		{BE44AA23-0754-4313-883B-7C226F3B75C4}.Release|Any CPU.ActiveCfg = Release|x86
		{BE44AA23-0754-4313-883B-7C226F3B75C4}.Release|Mixed Platforms.ActiveCfg = Release|x86
		{BE44AA23-0754-4313-883B-7C226F3B75C4}.Release|Mixed Platforms.Build.0 = Release|x86
		{BE44AA23-0754-4313-883B-7C226F3B75C4}.Release|x86.ActiveCfg = Release|x86
		{BE44AA23-0754-4313-883B-7C226F3B75C4}.Release|x86.Build.0 = Release|x86
		{EC41F72A-927A-4292-8FB9-0BC2A0A23463}.Debug|Any CPU.ActiveCfg = Debug|Any CPU
		{EC41F72A-927A-4292-8FB9-0BC2A0A23463}.Debug|Any CPU.Build.0 = Debug|Any CPU
		{EC41F72A-927A-4292-8FB9-0BC2A0A23463}.Debug|Mixed Platforms.ActiveCfg = Debug|Any CPU
		{EC41F72A-927A-4292-8FB9-0BC2A0A23463}.Debug|Mixed Platforms.Build.0 = Debug|Any CPU
		{EC41F72A-927A-4292-8FB9-0BC2A0A23463}.Debug|x86.ActiveCfg = Debug|Any CPU
		{EC41F72A-927A-4292-8FB9-0BC2A0A23463}.Release|Any CPU.ActiveCfg = Release|Any CPU
		{EC41F72A-927A-4292-8FB9-0BC2A0A23463}.Release|Any CPU.Build.0 = Release|Any CPU
		{EC41F72A-927A-4292-8FB9-0BC2A0A23463}.Release|Mixed Platforms.ActiveCfg = Release|Any CPU
		{EC41F72A-927A-4292-8FB9-0BC2A0A23463}.Release|Mixed Platforms.Build.0 = Release|Any CPU
		{EC41F72A-927A-4292-8FB9-0BC2A0A23463}.Release|x86.ActiveCfg = Release|Any CPU
		{37597707-2E4C-4546-B787-E6F10B3F3B63}.Debug|Any CPU.ActiveCfg = Debug|Any CPU
		{37597707-2E4C-4546-B787-E6F10B3F3B63}.Debug|Any CPU.Build.0 = Debug|Any CPU
		{37597707-2E4C-4546-B787-E6F10B3F3B63}.Debug|Mixed Platforms.ActiveCfg = Debug|Any CPU
		{37597707-2E4C-4546-B787-E6F10B3F3B63}.Debug|Mixed Platforms.Build.0 = Debug|Any CPU
		{37597707-2E4C-4546-B787-E6F10B3F3B63}.Debug|x86.ActiveCfg = Debug|Any CPU
		{37597707-2E4C-4546-B787-E6F10B3F3B63}.Release|Any CPU.ActiveCfg = Release|Any CPU
		{37597707-2E4C-4546-B787-E6F10B3F3B63}.Release|Any CPU.Build.0 = Release|Any CPU
		{37597707-2E4C-4546-B787-E6F10B3F3B63}.Release|Mixed Platforms.ActiveCfg = Release|Any CPU
		{37597707-2E4C-4546-B787-E6F10B3F3B63}.Release|Mixed Platforms.Build.0 = Release|Any CPU
		{37597707-2E4C-4546-B787-E6F10B3F3B63}.Release|x86.ActiveCfg = Release|Any CPU
	EndGlobalSection
	GlobalSection(SolutionProperties) = preSolution
		HideSolutionNode = FALSE
	EndGlobalSection
EndGlobal
